
Microsoft Visual Studio Solution File, Format Version 12.00
# Visual Studio Version 17
VisualStudioVersion = 17.11.35327.3
MinimumVisualStudioVersion = 10.0.40219.1
Project("{8BC9CEB8-8B4A-11D0-8D11-00A0C91BC942}") = "ExoCPP", "ExoCPP.vcxproj", "{47C73D6B-6D00-4365-AF93-BDC95B14BEDA}"
EndProject
Global
	GlobalSection(SolutionConfigurationPlatforms) = preSolution
		Debug|x64 = Debug|x64
		Debug|x86 = Debug|x86
		Release|x64 = Release|x64
		Release|x86 = Release|x86
	EndGlobalSection
	GlobalSection(ProjectConfigurationPlatforms) = postSolution
		{47C73D6B-6D00-4365-AF93-BDC95B14BEDA}.Debug|x64.ActiveCfg = Debug|x64
		{47C73D6B-6D00-4365-AF93-BDC95B14BEDA}.Debug|x64.Build.0 = Debug|x64
		{47C73D6B-6D00-4365-AF93-BDC95B14BEDA}.Debug|x86.ActiveCfg = Debug|Win32
		{47C73D6B-6D00-4365-AF93-BDC95B14BEDA}.Debug|x86.Build.0 = Debug|Win32
		{47C73D6B-6D00-4365-AF93-BDC95B14BEDA}.Release|x64.ActiveCfg = Release|x64
		{47C73D6B-6D00-4365-AF93-BDC95B14BEDA}.Release|x64.Build.0 = Release|x64
		{47C73D6B-6D00-4365-AF93-BDC95B14BEDA}.Release|x86.ActiveCfg = Release|Win32
		{47C73D6B-6D00-4365-AF93-BDC95B14BEDA}.Release|x86.Build.0 = Release|Win32
	EndGlobalSection
	GlobalSection(SolutionProperties) = preSolution
		HideSolutionNode = FALSE
	EndGlobalSection
	GlobalSection(ExtensibilityGlobals) = postSolution
		SolutionGuid = {3D0F64B9-7F6D-4921-9AD2-089CE0EE070A}
	EndGlobalSection
EndGlobal
